// !$*UTF8*$!
{
	archiveVersion = 1;
	classes = {
	};
	objectVersion = 50;
	objects = {

/* Begin PBXBuildFile section */
		041DE954245C600A00867C10 /* AppDelegate.swift in Sources */ = {isa = PBXBuildFile; fileRef = 041DE953245C600A00867C10 /* AppDelegate.swift */; };
		041DE956245C600A00867C10 /* SceneDelegate.swift in Sources */ = {isa = PBXBuildFile; fileRef = 041DE955245C600A00867C10 /* SceneDelegate.swift */; };
		041DE958245C600A00867C10 /* ViewController.swift in Sources */ = {isa = PBXBuildFile; fileRef = 041DE957245C600A00867C10 /* ViewController.swift */; };
		041DE95B245C600A00867C10 /* Main.storyboard in Resources */ = {isa = PBXBuildFile; fileRef = 041DE959245C600A00867C10 /* Main.storyboard */; };
		041DE95D245C600B00867C10 /* Assets.xcassets in Resources */ = {isa = PBXBuildFile; fileRef = 041DE95C245C600B00867C10 /* Assets.xcassets */; };
		041DE960245C600B00867C10 /* LaunchScreen.storyboard in Resources */ = {isa = PBXBuildFile; fileRef = 041DE95E245C600B00867C10 /* LaunchScreen.storyboard */; };
		041DE96B245C600C00867C10 /* ColorRandom_BikeTests.swift in Sources */ = {isa = PBXBuildFile; fileRef = 041DE96A245C600C00867C10 /* ColorRandom_BikeTests.swift */; };
		041DE976245C600C00867C10 /* ColorRandom_BikeUITests.swift in Sources */ = {isa = PBXBuildFile; fileRef = 041DE975245C600C00867C10 /* ColorRandom_BikeUITests.swift */; };
/* End PBXBuildFile section */

/* Begin PBXContainerItemProxy section */
		041DE967245C600C00867C10 /* PBXContainerItemProxy */ = {
			isa = PBXContainerItemProxy;
			containerPortal = 041DE948245C600A00867C10 /* Project object */;
			proxyType = 1;
			remoteGlobalIDString = 041DE94F245C600A00867C10;
			remoteInfo = "ColorRandom-Bike";
		};
		041DE972245C600C00867C10 /* PBXContainerItemProxy */ = {
			isa = PBXContainerItemProxy;
			containerPortal = 041DE948245C600A00867C10 /* Project object */;
			proxyType = 1;
			remoteGlobalIDString = 041DE94F245C600A00867C10;
			remoteInfo = "ColorRandom-Bike";
		};
/* End PBXContainerItemProxy section */

/* Begin PBXFileReference section */
		041DE950245C600A00867C10 /* ColorRandom-Bike.app */ = {isa = PBXFileReference; explicitFileType = wrapper.application; includeInIndex = 0; path = "ColorRandom-Bike.app"; sourceTree = BUILT_PRODUCTS_DIR; };
		041DE953245C600A00867C10 /* AppDelegate.swift */ = {isa = PBXFileReference; lastKnownFileType = sourcecode.swift; path = AppDelegate.swift; sourceTree = "<group>"; };
		041DE955245C600A00867C10 /* SceneDelegate.swift */ = {isa = PBXFileReference; lastKnownFileType = sourcecode.swift; path = SceneDelegate.swift; sourceTree = "<group>"; };
		041DE957245C600A00867C10 /* ViewController.swift */ = {isa = PBXFileReference; lastKnownFileType = sourcecode.swift; path = ViewController.swift; sourceTree = "<group>"; };
		041DE95A245C600A00867C10 /* Base */ = {isa = PBXFileReference; lastKnownFileType = file.storyboard; name = Base; path = Base.lproj/Main.storyboard; sourceTree = "<group>"; };
		041DE95C245C600B00867C10 /* Assets.xcassets */ = {isa = PBXFileReference; lastKnownFileType = folder.assetcatalog; path = Assets.xcassets; sourceTree = "<group>"; };
		041DE95F245C600B00867C10 /* Base */ = {isa = PBXFileReference; lastKnownFileType = file.storyboard; name = Base; path = Base.lproj/LaunchScreen.storyboard; sourceTree = "<group>"; };
		041DE961245C600B00867C10 /* Info.plist */ = {isa = PBXFileReference; lastKnownFileType = text.plist.xml; path = Info.plist; sourceTree = "<group>"; };
		041DE966245C600C00867C10 /* ColorRandom-BikeTests.xctest */ = {isa = PBXFileReference; explicitFileType = wrapper.cfbundle; includeInIndex = 0; path = "ColorRandom-BikeTests.xctest"; sourceTree = BUILT_PRODUCTS_DIR; };
		041DE96A245C600C00867C10 /* ColorRandom_BikeTests.swift */ = {isa = PBXFileReference; lastKnownFileType = sourcecode.swift; path = ColorRandom_BikeTests.swift; sourceTree = "<group>"; };
		041DE96C245C600C00867C10 /* Info.plist */ = {isa = PBXFileReference; lastKnownFileType = text.plist.xml; path = Info.plist; sourceTree = "<group>"; };
		041DE971245C600C00867C10 /* ColorRandom-BikeUITests.xctest */ = {isa = PBXFileReference; explicitFileType = wrapper.cfbundle; includeInIndex = 0; path = "ColorRandom-BikeUITests.xctest"; sourceTree = BUILT_PRODUCTS_DIR; };
		041DE975245C600C00867C10 /* ColorRandom_BikeUITests.swift */ = {isa = PBXFileReference; lastKnownFileType = sourcecode.swift; path = ColorRandom_BikeUITests.swift; sourceTree = "<group>"; };
		041DE977245C600C00867C10 /* Info.plist */ = {isa = PBXFileReference; lastKnownFileType = text.plist.xml; path = Info.plist; sourceTree = "<group>"; };
/* End PBXFileReference section */

/* Begin PBXFrameworksBuildPhase section */
		041DE94D245C600A00867C10 /* Frameworks */ = {
			isa = PBXFrameworksBuildPhase;
			buildActionMask = 2147483647;
			files = (
			);
			runOnlyForDeploymentPostprocessing = 0;
		};
		041DE963245C600C00867C10 /* Frameworks */ = {
			isa = PBXFrameworksBuildPhase;
			buildActionMask = 2147483647;
			files = (
			);
			runOnlyForDeploymentPostprocessing = 0;
		};
		041DE96E245C600C00867C10 /* Frameworks */ = {
			isa = PBXFrameworksBuildPhase;
			buildActionMask = 2147483647;
			files = (
			);
			runOnlyForDeploymentPostprocessing = 0;
		};
/* End PBXFrameworksBuildPhase section */

/* Begin PBXGroup section */
		041DE947245C600A00867C10 = {
			isa = PBXGroup;
			children = (
				041DE952245C600A00867C10 /* ColorRandom-Bike */,
				041DE969245C600C00867C10 /* ColorRandom-BikeTests */,
				041DE974245C600C00867C10 /* ColorRandom-BikeUITests */,
				041DE951245C600A00867C10 /* Products */,
			);
			sourceTree = "<group>";
		};
		041DE951245C600A00867C10 /* Products */ = {
			isa = PBXGroup;
			children = (
				041DE950245C600A00867C10 /* ColorRandom-Bike.app */,
				041DE966245C600C00867C10 /* ColorRandom-BikeTests.xctest */,
				041DE971245C600C00867C10 /* ColorRandom-BikeUITests.xctest */,
			);
			name = Products;
			sourceTree = "<group>";
		};
		041DE952245C600A00867C10 /* ColorRandom-Bike */ = {
			isa = PBXGroup;
			children = (
				041DE953245C600A00867C10 /* AppDelegate.swift */,
				041DE955245C600A00867C10 /* SceneDelegate.swift */,
				041DE957245C600A00867C10 /* ViewController.swift */,
				041DE959245C600A00867C10 /* Main.storyboard */,
				041DE95C245C600B00867C10 /* Assets.xcassets */,
				041DE95E245C600B00867C10 /* LaunchScreen.storyboard */,
				041DE961245C600B00867C10 /* Info.plist */,
			);
			path = "ColorRandom-Bike";
			sourceTree = "<group>";
		};
		041DE969245C600C00867C10 /* ColorRandom-BikeTests */ = {
			isa = PBXGroup;
			children = (
				041DE96A245C600C00867C10 /* ColorRandom_BikeTests.swift */,
				041DE96C245C600C00867C10 /* Info.plist */,
			);
			path = "ColorRandom-BikeTests";
			sourceTree = "<group>";
		};
		041DE974245C600C00867C10 /* ColorRandom-BikeUITests */ = {
			isa = PBXGroup;
			children = (
				041DE975245C600C00867C10 /* ColorRandom_BikeUITests.swift */,
				041DE977245C600C00867C10 /* Info.plist */,
			);
			path = "ColorRandom-BikeUITests";
			sourceTree = "<group>";
		};
/* End PBXGroup section */

/* Begin PBXNativeTarget section */
		041DE94F245C600A00867C10 /* ColorRandom-Bike */ = {
			isa = PBXNativeTarget;
			buildConfigurationList = 041DE97A245C600C00867C10 /* Build configuration list for PBXNativeTarget "ColorRandom-Bike" */;
			buildPhases = (
				041DE94C245C600A00867C10 /* Sources */,
				041DE94D245C600A00867C10 /* Frameworks */,
				041DE94E245C600A00867C10 /* Resources */,
			);
			buildRules = (
			);
			dependencies = (
			);
			name = "ColorRandom-Bike";
			productName = "ColorRandom-Bike";
			productReference = 041DE950245C600A00867C10 /* ColorRandom-Bike.app */;
			productType = "com.apple.product-type.application";
		};
		041DE965245C600C00867C10 /* ColorRandom-BikeTests */ = {
			isa = PBXNativeTarget;
			buildConfigurationList = 041DE97D245C600C00867C10 /* Build configuration list for PBXNativeTarget "ColorRandom-BikeTests" */;
			buildPhases = (
				041DE962245C600C00867C10 /* Sources */,
				041DE963245C600C00867C10 /* Frameworks */,
				041DE964245C600C00867C10 /* Resources */,
			);
			buildRules = (
			);
			dependencies = (
				041DE968245C600C00867C10 /* PBXTargetDependency */,
			);
			name = "ColorRandom-BikeTests";
			productName = "ColorRandom-BikeTests";
			productReference = 041DE966245C600C00867C10 /* ColorRandom-BikeTests.xctest */;
			productType = "com.apple.product-type.bundle.unit-test";
		};
		041DE970245C600C00867C10 /* ColorRandom-BikeUITests */ = {
			isa = PBXNativeTarget;
			buildConfigurationList = 041DE980245C600C00867C10 /* Build configuration list for PBXNativeTarget "ColorRandom-BikeUITests" */;
			buildPhases = (
				041DE96D245C600C00867C10 /* Sources */,
				041DE96E245C600C00867C10 /* Frameworks */,
				041DE96F245C600C00867C10 /* Resources */,
			);
			buildRules = (
			);
			dependencies = (
				041DE973245C600C00867C10 /* PBXTargetDependency */,
			);
			name = "ColorRandom-BikeUITests";
			productName = "ColorRandom-BikeUITests";
			productReference = 041DE971245C600C00867C10 /* ColorRandom-BikeUITests.xctest */;
			productType = "com.apple.product-type.bundle.ui-testing";
		};
/* End PBXNativeTarget section */

/* Begin PBXProject section */
		041DE948245C600A00867C10 /* Project object */ = {
			isa = PBXProject;
			attributes = {
				LastSwiftUpdateCheck = 1140;
				LastUpgradeCheck = 1140;
				ORGANIZATIONNAME = "Jack Chen";
				TargetAttributes = {
					041DE94F245C600A00867C10 = {
						CreatedOnToolsVersion = 11.4.1;
					};
					041DE965245C600C00867C10 = {
						CreatedOnToolsVersion = 11.4.1;
						TestTargetID = 041DE94F245C600A00867C10;
					};
					041DE970245C600C00867C10 = {
						CreatedOnToolsVersion = 11.4.1;
						TestTargetID = 041DE94F245C600A00867C10;
					};
				};
			};
			buildConfigurationList = 041DE94B245C600A00867C10 /* Build configuration list for PBXProject "ColorRandom-Bike" */;
			compatibilityVersion = "Xcode 9.3";
			developmentRegion = en;
			hasScannedForEncodings = 0;
			knownRegions = (
				en,
				Base,
			);
			mainGroup = 041DE947245C600A00867C10;
			productRefGroup = 041DE951245C600A00867C10 /* Products */;
			projectDirPath = "";
			projectRoot = "";
			targets = (
				041DE94F245C600A00867C10 /* ColorRandom-Bike */,
				041DE965245C600C00867C10 /* ColorRandom-BikeTests */,
				041DE970245C600C00867C10 /* ColorRandom-BikeUITests */,
			);
		};
/* End PBXProject section */

/* Begin PBXResourcesBuildPhase section */
		041DE94E245C600A00867C10 /* Resources */ = {
			isa = PBXResourcesBuildPhase;
			buildActionMask = 2147483647;
			files = (
				041DE960245C600B00867C10 /* LaunchScreen.storyboard in Resources */,
				041DE95D245C600B00867C10 /* Assets.xcassets in Resources */,
				041DE95B245C600A00867C10 /* Main.storyboard in Resources */,
			);
			runOnlyForDeploymentPostprocessing = 0;
		};
		041DE964245C600C00867C10 /* Resources */ = {
			isa = PBXResourcesBuildPhase;
			buildActionMask = 2147483647;
			files = (
			);
			runOnlyForDeploymentPostprocessing = 0;
		};
		041DE96F245C600C00867C10 /* Resources */ = {
			isa = PBXResourcesBuildPhase;
			buildActionMask = 2147483647;
			files = (
			);
			runOnlyForDeploymentPostprocessing = 0;
		};
/* End PBXResourcesBuildPhase section */

/* Begin PBXSourcesBuildPhase section */
		041DE94C245C600A00867C10 /* Sources */ = {
			isa = PBXSourcesBuildPhase;
			buildActionMask = 2147483647;
			files = (
				041DE958245C600A00867C10 /* ViewController.swift in Sources */,
				041DE954245C600A00867C10 /* AppDelegate.swift in Sources */,
				041DE956245C600A00867C10 /* SceneDelegate.swift in Sources */,
			);
			runOnlyForDeploymentPostprocessing = 0;
		};
		041DE962245C600C00867C10 /* Sources */ = {
			isa = PBXSourcesBuildPhase;
			buildActionMask = 2147483647;
			files = (
				041DE96B245C600C00867C10 /* ColorRandom_BikeTests.swift in Sources */,
			);
			runOnlyForDeploymentPostprocessing = 0;
		};
		041DE96D245C600C00867C10 /* Sources */ = {
			isa = PBXSourcesBuildPhase;
			buildActionMask = 2147483647;
			files = (
				041DE976245C600C00867C10 /* ColorRandom_BikeUITests.swift in Sources */,
			);
			runOnlyForDeploymentPostprocessing = 0;
		};
/* End PBXSourcesBuildPhase section */

/* Begin PBXTargetDependency section */
		041DE968245C600C00867C10 /* PBXTargetDependency */ = {
			isa = PBXTargetDependency;
			target = 041DE94F245C600A00867C10 /* ColorRandom-Bike */;
			targetProxy = 041DE967245C600C00867C10 /* PBXContainerItemProxy */;
		};
		041DE973245C600C00867C10 /* PBXTargetDependency */ = {
			isa = PBXTargetDependency;
			target = 041DE94F245C600A00867C10 /* ColorRandom-Bike */;
			targetProxy = 041DE972245C600C00867C10 /* PBXContainerItemProxy */;
		};
/* End PBXTargetDependency section */

/* Begin PBXVariantGroup section */
		041DE959245C600A00867C10 /* Main.storyboard */ = {
			isa = PBXVariantGroup;
			children = (
				041DE95A245C600A00867C10 /* Base */,
			);
			name = Main.storyboard;
			sourceTree = "<group>";
		};
		041DE95E245C600B00867C10 /* LaunchScreen.storyboard */ = {
			isa = PBXVariantGroup;
			children = (
				041DE95F245C600B00867C10 /* Base */,
			);
			name = LaunchScreen.storyboard;
			sourceTree = "<group>";
		};
/* End PBXVariantGroup section */

/* Begin XCBuildConfiguration section */
		041DE978245C600C00867C10 /* Debug */ = {
			isa = XCBuildConfiguration;
			buildSettings = {
				ALWAYS_SEARCH_USER_PATHS = NO;
				CLANG_ANALYZER_NONNULL = YES;
				CLANG_ANALYZER_NUMBER_OBJECT_CONVERSION = YES_AGGRESSIVE;
				CLANG_CXX_LANGUAGE_STANDARD = "gnu++14";
				CLANG_CXX_LIBRARY = "libc++";
				CLANG_ENABLE_MODULES = YES;
				CLANG_ENABLE_OBJC_ARC = YES;
				CLANG_ENABLE_OBJC_WEAK = YES;
				CLANG_WARN_BLOCK_CAPTURE_AUTORELEASING = YES;
				CLANG_WARN_BOOL_CONVERSION = YES;
				CLANG_WARN_COMMA = YES;
				CLANG_WARN_CONSTANT_CONVERSION = YES;
				CLANG_WARN_DEPRECATED_OBJC_IMPLEMENTATIONS = YES;
				CLANG_WARN_DIRECT_OBJC_ISA_USAGE = YES_ERROR;
				CLANG_WARN_DOCUMENTATION_COMMENTS = YES;
				CLANG_WARN_EMPTY_BODY = YES;
				CLANG_WARN_ENUM_CONVERSION = YES;
				CLANG_WARN_INFINITE_RECURSION = YES;
				CLANG_WARN_INT_CONVERSION = YES;
				CLANG_WARN_NON_LITERAL_NULL_CONVERSION = YES;
				CLANG_WARN_OBJC_IMPLICIT_RETAIN_SELF = YES;
				CLANG_WARN_OBJC_LITERAL_CONVERSION = YES;
				CLANG_WARN_OBJC_ROOT_CLASS = YES_ERROR;
				CLANG_WARN_RANGE_LOOP_ANALYSIS = YES;
				CLANG_WARN_STRICT_PROTOTYPES = YES;
				CLANG_WARN_SUSPICIOUS_MOVE = YES;
				CLANG_WARN_UNGUARDED_AVAILABILITY = YES_AGGRESSIVE;
				CLANG_WARN_UNREACHABLE_CODE = YES;
				CLANG_WARN__DUPLICATE_METHOD_MATCH = YES;
				COPY_PHASE_STRIP = NO;
				DEBUG_INFORMATION_FORMAT = dwarf;
				ENABLE_STRICT_OBJC_MSGSEND = YES;
				ENABLE_TESTABILITY = YES;
				GCC_C_LANGUAGE_STANDARD = gnu11;
				GCC_DYNAMIC_NO_PIC = NO;
				GCC_NO_COMMON_BLOCKS = YES;
				GCC_OPTIMIZATION_LEVEL = 0;
				GCC_PREPROCESSOR_DEFINITIONS = (
					"DEBUG=1",
					"$(inherited)",
				);
				GCC_WARN_64_TO_32_BIT_CONVERSION = YES;
				GCC_WARN_ABOUT_RETURN_TYPE = YES_ERROR;
				GCC_WARN_UNDECLARED_SELECTOR = YES;
				GCC_WARN_UNINITIALIZED_AUTOS = YES_AGGRESSIVE;
				GCC_WARN_UNUSED_FUNCTION = YES;
				GCC_WARN_UNUSED_VARIABLE = YES;
				IPHONEOS_DEPLOYMENT_TARGET = 13.4;
				MTL_ENABLE_DEBUG_INFO = INCLUDE_SOURCE;
				MTL_FAST_MATH = YES;
				ONLY_ACTIVE_ARCH = YES;
				SDKROOT = iphoneos;
				SWIFT_ACTIVE_COMPILATION_CONDITIONS = DEBUG;
				SWIFT_OPTIMIZATION_LEVEL = "-Onone";
			};
			name = Debug;
		};
		041DE979245C600C00867C10 /* Release */ = {
			isa = XCBuildConfiguration;
			buildSettings = {
				ALWAYS_SEARCH_USER_PATHS = NO;
				CLANG_ANALYZER_NONNULL = YES;
				CLANG_ANALYZER_NUMBER_OBJECT_CONVERSION = YES_AGGRESSIVE;
				CLANG_CXX_LANGUAGE_STANDARD = "gnu++14";
				CLANG_CXX_LIBRARY = "libc++";
				CLANG_ENABLE_MODULES = YES;
				CLANG_ENABLE_OBJC_ARC = YES;
				CLANG_ENABLE_OBJC_WEAK = YES;
				CLANG_WARN_BLOCK_CAPTURE_AUTORELEASING = YES;
				CLANG_WARN_BOOL_CONVERSION = YES;
				CLANG_WARN_COMMA = YES;
				CLANG_WARN_CONSTANT_CONVERSION = YES;
				CLANG_WARN_DEPRECATED_OBJC_IMPLEMENTATIONS = YES;
				CLANG_WARN_DIRECT_OBJC_ISA_USAGE = YES_ERROR;
				CLANG_WARN_DOCUMENTATION_COMMENTS = YES;
				CLANG_WARN_EMPTY_BODY = YES;
				CLANG_WARN_ENUM_CONVERSION = YES;
				CLANG_WARN_INFINITE_RECURSION = YES;
				CLANG_WARN_INT_CONVERSION = YES;
				CLANG_WARN_NON_LITERAL_NULL_CONVERSION = YES;
				CLANG_WARN_OBJC_IMPLICIT_RETAIN_SELF = YES;
				CLANG_WARN_OBJC_LITERAL_CONVERSION = YES;
				CLANG_WARN_OBJC_ROOT_CLASS = YES_ERROR;
				CLANG_WARN_RANGE_LOOP_ANALYSIS = YES;
				CLANG_WARN_STRICT_PROTOTYPES = YES;
				CLANG_WARN_SUSPICIOUS_MOVE = YES;
				CLANG_WARN_UNGUARDED_AVAILABILITY = YES_AGGRESSIVE;
				CLANG_WARN_UNREACHABLE_CODE = YES;
				CLANG_WARN__DUPLICATE_METHOD_MATCH = YES;
				COPY_PHASE_STRIP = NO;
				DEBUG_INFORMATION_FORMAT = "dwarf-with-dsym";
				ENABLE_NS_ASSERTIONS = NO;
				ENABLE_STRICT_OBJC_MSGSEND = YES;
				GCC_C_LANGUAGE_STANDARD = gnu11;
				GCC_NO_COMMON_BLOCKS = YES;
				GCC_WARN_64_TO_32_BIT_CONVERSION = YES;
				GCC_WARN_ABOUT_RETURN_TYPE = YES_ERROR;
				GCC_WARN_UNDECLARED_SELECTOR = YES;
				GCC_WARN_UNINITIALIZED_AUTOS = YES_AGGRESSIVE;
				GCC_WARN_UNUSED_FUNCTION = YES;
				GCC_WARN_UNUSED_VARIABLE = YES;
				IPHONEOS_DEPLOYMENT_TARGET = 13.4;
				MTL_ENABLE_DEBUG_INFO = NO;
				MTL_FAST_MATH = YES;
				SDKROOT = iphoneos;
				SWIFT_COMPILATION_MODE = wholemodule;
				SWIFT_OPTIMIZATION_LEVEL = "-O";
				VALIDATE_PRODUCT = YES;
			};
			name = Release;
		};
		041DE97B245C600C00867C10 /* Debug */ = {
			isa = XCBuildConfiguration;
			buildSettings = {
				ASSETCATALOG_COMPILER_APPICON_NAME = AppIcon;
				CODE_SIGN_STYLE = Automatic;
				DEVELOPMENT_TEAM = J4N3VZ9PF6;
				INFOPLIST_FILE = "ColorRandom-Bike/Info.plist";
				LD_RUNPATH_SEARCH_PATHS = (
					"$(inherited)",
					"@executable_path/Frameworks",
				);
				PRODUCT_BUNDLE_IDENTIFIER = "come.jack.ColorRandom-Bike";
				PRODUCT_NAME = "$(TARGET_NAME)";
				SWIFT_VERSION = 5.0;
				TARGETED_DEVICE_FAMILY = "1,2";
			};
			name = Debug;
		};
		041DE97C245C600C00867C10 /* Release */ = {
			isa = XCBuildConfiguration;
			buildSettings = {
				ASSETCATALOG_COMPILER_APPICON_NAME = AppIcon;
				CODE_SIGN_STYLE = Automatic;
				DEVELOPMENT_TEAM = J4N3VZ9PF6;
				INFOPLIST_FILE = "ColorRandom-Bike/Info.plist";
				LD_RUNPATH_SEARCH_PATHS = (
					"$(inherited)",
					"@executable_path/Frameworks",
				);
				PRODUCT_BUNDLE_IDENTIFIER = "come.jack.ColorRandom-Bike";
				PRODUCT_NAME = "$(TARGET_NAME)";
				SWIFT_VERSION = 5.0;
				TARGETED_DEVICE_FAMILY = "1,2";
			};
			name = Release;
		};
		041DE97E245C600C00867C10 /* Debug */ = {
			isa = XCBuildConfiguration;
			buildSettings = {
				ALWAYS_EMBED_SWIFT_STANDARD_LIBRARIES = YES;
				BUNDLE_LOADER = "$(TEST_HOST)";
				CODE_SIGN_STYLE = Automatic;
				DEVELOPMENT_TEAM = J4N3VZ9PF6;
				INFOPLIST_FILE = "ColorRandom-BikeTests/Info.plist";
				IPHONEOS_DEPLOYMENT_TARGET = 13.4;
				LD_RUNPATH_SEARCH_PATHS = (
					"$(inherited)",
					"@executable_path/Frameworks",
					"@loader_path/Frameworks",
				);
				PRODUCT_BUNDLE_IDENTIFIER = "come.jack.ColorRandom-BikeTests";
				PRODUCT_NAME = "$(TARGET_NAME)";
				SWIFT_VERSION = 5.0;
				TARGETED_DEVICE_FAMILY = "1,2";
				TEST_HOST = "$(BUILT_PRODUCTS_DIR)/ColorRandom-Bike.app/ColorRandom-Bike";
			};
			name = Debug;
		};
		041DE97F245C600C00867C10 /* Release */ = {
			isa = XCBuildConfiguration;
			buildSettings = {
				ALWAYS_EMBED_SWIFT_STANDARD_LIBRARIES = YES;
				BUNDLE_LOADER = "$(TEST_HOST)";
				CODE_SIGN_STYLE = Automatic;
				DEVELOPMENT_TEAM = J4N3VZ9PF6;
				INFOPLIST_FILE = "ColorRandom-BikeTests/Info.plist";
				IPHONEOS_DEPLOYMENT_TARGET = 13.4;
				LD_RUNPATH_SEARCH_PATHS = (
					"$(inherited)",
					"@executable_path/Frameworks",
					"@loader_path/Frameworks",
				);
				PRODUCT_BUNDLE_IDENTIFIER = "come.jack.ColorRandom-BikeTests";
				PRODUCT_NAME = "$(TARGET_NAME)";
				SWIFT_VERSION = 5.0;
				TARGETED_DEVICE_FAMILY = "1,2";
				TEST_HOST = "$(BUILT_PRODUCTS_DIR)/ColorRandom-Bike.app/ColorRandom-Bike";
			};
			name = Release;
		};
		041DE981245C600C00867C10 /* Debug */ = {
			isa = XCBuildConfiguration;
			buildSettings = {
				ALWAYS_EMBED_SWIFT_STANDARD_LIBRARIES = YES;
				CODE_SIGN_STYLE = Automatic;
				DEVELOPMENT_TEAM = J4N3VZ9PF6;
				INFOPLIST_FILE = "ColorRandom-BikeUITests/Info.plist";
				LD_RUNPATH_SEARCH_PATHS = (
					"$(inherited)",
					"@executable_path/Frameworks",
					"@loader_path/Frameworks",
				);
				PRODUCT_BUNDLE_IDENTIFIER = "come.jack.ColorRandom-BikeUITests";
				PRODUCT_NAME = "$(TARGET_NAME)";
				SWIFT_VERSION = 5.0;
				TARGETED_DEVICE_FAMILY = "1,2";
				TEST_TARGET_NAME = "ColorRandom-Bike";
			};
			name = Debug;
		};
		041DE982245C600C00867C10 /* Release */ = {
			isa = XCBuildConfiguration;
			buildSettings = {
				ALWAYS_EMBED_SWIFT_STANDARD_LIBRARIES = YES;
				CODE_SIGN_STYLE = Automatic;
				DEVELOPMENT_TEAM = J4N3VZ9PF6;
				INFOPLIST_FILE = "ColorRandom-BikeUITests/Info.plist";
				LD_RUNPATH_SEARCH_PATHS = (
					"$(inherited)",
					"@executable_path/Frameworks",
					"@loader_path/Frameworks",
				);
				PRODUCT_BUNDLE_IDENTIFIER = "come.jack.ColorRandom-BikeUITests";
				PRODUCT_NAME = "$(TARGET_NAME)";
				SWIFT_VERSION = 5.0;
				TARGETED_DEVICE_FAMILY = "1,2";
				TEST_TARGET_NAME = "ColorRandom-Bike";
			};
			name = Release;
		};
/* End XCBuildConfiguration section */

/* Begin XCConfigurationList section */
		041DE94B245C600A00867C10 /* Build configuration list for PBXProject "ColorRandom-Bike" */ = {
			isa = XCConfigurationList;
			buildConfigurations = (
				041DE978245C600C00867C10 /* Debug */,
				041DE979245C600C00867C10 /* Release */,
			);
			defaultConfigurationIsVisible = 0;
			defaultConfigurationName = Release;
		};
		041DE97A245C600C00867C10 /* Build configuration list for PBXNativeTarget "ColorRandom-Bike" */ = {
			isa = XCConfigurationList;
			buildConfigurations = (
				041DE97B245C600C00867C10 /* Debug */,
				041DE97C245C600C00867C10 /* Release */,
			);
			defaultConfigurationIsVisible = 0;
			defaultConfigurationName = Release;
		};
		041DE97D245C600C00867C10 /* Build configuration list for PBXNativeTarget "ColorRandom-BikeTests" */ = {
			isa = XCConfigurationList;
			buildConfigurations = (
				041DE97E245C600C00867C10 /* Debug */,
				041DE97F245C600C00867C10 /* Release */,
			);
			defaultConfigurationIsVisible = 0;
			defaultConfigurationName = Release;
		};
		041DE980245C600C00867C10 /* Build configuration list for PBXNativeTarget "ColorRandom-BikeUITests" */ = {
			isa = XCConfigurationList;
			buildConfigurations = (
				041DE981245C600C00867C10 /* Debug */,
				041DE982245C600C00867C10 /* Release */,
			);
			defaultConfigurationIsVisible = 0;
			defaultConfigurationName = Release;
		};
/* End XCConfigurationList section */
	};
	rootObject = 041DE948245C600A00867C10 /* Project object */;
}
